// !$*UTF8*$!
{
	archiveVersion = 1;
	classes = {
	};
	objectVersion = 50;
	objects = {

/* Begin PBXBuildFile section */
		2C069715221964A900C71259 /* MovieService.swift in Sources */ = {isa = PBXBuildFile; fileRef = 2C069714221964A900C71259 /* MovieService.swift */; };
		2C3976A82205BD01006BAC5B /* ShuffleResultListViewController.swift in Sources */ = {isa = PBXBuildFile; fileRef = 2C3976A62205BD01006BAC5B /* ShuffleResultListViewController.swift */; };
		2C3976A92205BD01006BAC5B /* ShuffleResultListViewController.xib in Resources */ = {isa = PBXBuildFile; fileRef = 2C3976A72205BD01006BAC5B /* ShuffleResultListViewController.xib */; };
		2C46094521CE9F8100BEAC9C /* AcceuilViewController.swift in Sources */ = {isa = PBXBuildFile; fileRef = 2C46094321CE9F8100BEAC9C /* AcceuilViewController.swift */; };
		2C46094621CE9F8100BEAC9C /* AcceuilViewController.xib in Resources */ = {isa = PBXBuildFile; fileRef = 2C46094421CE9F8100BEAC9C /* AcceuilViewController.xib */; };
		2C46094921CE9FCF00BEAC9C /* SearchViewController.swift in Sources */ = {isa = PBXBuildFile; fileRef = 2C46094721CE9FCF00BEAC9C /* SearchViewController.swift */; };
		2C46094A21CE9FCF00BEAC9C /* SearchViewController.xib in Resources */ = {isa = PBXBuildFile; fileRef = 2C46094821CE9FCF00BEAC9C /* SearchViewController.xib */; };
		2C46094D21CEA00000BEAC9C /* ShuffleViewController.swift in Sources */ = {isa = PBXBuildFile; fileRef = 2C46094B21CEA00000BEAC9C /* ShuffleViewController.swift */; };
		2C46094E21CEA00000BEAC9C /* ShuffleViewController.xib in Resources */ = {isa = PBXBuildFile; fileRef = 2C46094C21CEA00000BEAC9C /* ShuffleViewController.xib */; };
		2C5CEF2E21CAC539002EB873 /* AppDelegate.swift in Sources */ = {isa = PBXBuildFile; fileRef = 2C5CEF2D21CAC539002EB873 /* AppDelegate.swift */; };
		2C5CEF3521CAC53F002EB873 /* Assets.xcassets in Resources */ = {isa = PBXBuildFile; fileRef = 2C5CEF3421CAC53F002EB873 /* Assets.xcassets */; };
		2C5CEF3821CAC53F002EB873 /* LaunchScreen.storyboard in Resources */ = {isa = PBXBuildFile; fileRef = 2C5CEF3621CAC53F002EB873 /* LaunchScreen.storyboard */; };
		2C5CEF4321CACBAF002EB873 /* MainViewController.swift in Sources */ = {isa = PBXBuildFile; fileRef = 2C5CEF4121CACBAF002EB873 /* MainViewController.swift */; };
		2C5CEF4421CACBAF002EB873 /* MainViewController.xib in Resources */ = {isa = PBXBuildFile; fileRef = 2C5CEF4221CACBAF002EB873 /* MainViewController.xib */; };
		2C5CEF4721CAF145002EB873 /* HomeViewController.swift in Sources */ = {isa = PBXBuildFile; fileRef = 2C5CEF4521CAF145002EB873 /* HomeViewController.swift */; };
		2C62D25121D10AF100311826 /* CreateAccountViewController.swift in Sources */ = {isa = PBXBuildFile; fileRef = 2C62D24F21D10AF100311826 /* CreateAccountViewController.swift */; };
		2C62D25221D10AF100311826 /* CreateAccountViewController.xib in Resources */ = {isa = PBXBuildFile; fileRef = 2C62D25021D10AF100311826 /* CreateAccountViewController.xib */; };
		2C62D25421D1767E00311826 /* MovieDesc.swift in Sources */ = {isa = PBXBuildFile; fileRef = 2C62D25321D1767E00311826 /* MovieDesc.swift */; };
		2C62D25721D2548000311826 /* User.swift in Sources */ = {isa = PBXBuildFile; fileRef = 2C62D25621D2548000311826 /* User.swift */; };
		2CA752E4221AF575003B789A /* UserService.swift in Sources */ = {isa = PBXBuildFile; fileRef = 2CA752E3221AF575003B789A /* UserService.swift */; };
		2CC16AC221D2BF7300444837 /* ItemDescriptionViewController.swift in Sources */ = {isa = PBXBuildFile; fileRef = 2CC16AC021D2BF7200444837 /* ItemDescriptionViewController.swift */; };
		2CC16AC321D2BF7300444837 /* ItemDescriptionViewController.xib in Resources */ = {isa = PBXBuildFile; fileRef = 2CC16AC121D2BF7300444837 /* ItemDescriptionViewController.xib */; };
		2CD1F877220CC38900BA401D /* FavoriteViewController.swift in Sources */ = {isa = PBXBuildFile; fileRef = 2CD1F875220CC38900BA401D /* FavoriteViewController.swift */; };
		2CD1F878220CC38900BA401D /* FavoriteViewController.xib in Resources */ = {isa = PBXBuildFile; fileRef = 2CD1F876220CC38900BA401D /* FavoriteViewController.xib */; };
		2CD1F87F220F20FB00BA401D /* FavsMovieServices.swift in Sources */ = {isa = PBXBuildFile; fileRef = 2CD1F87E220F20FB00BA401D /* FavsMovieServices.swift */; };
		5915551B2211F630003AEB2F /* MovieSearchTableViewCell.swift in Sources */ = {isa = PBXBuildFile; fileRef = 5915551A2211F630003AEB2F /* MovieSearchTableViewCell.swift */; };
		59390559220388CB00FACB77 /* Show.swift in Sources */ = {isa = PBXBuildFile; fileRef = 59390558220388CB00FACB77 /* Show.swift */; };
		5939055D220388EC00FACB77 /* MovieSearchTableViewCell.xib in Resources */ = {isa = PBXBuildFile; fileRef = 5939055C220388EC00FACB77 /* MovieSearchTableViewCell.xib */; };
		593C0F2A2214BDAA00B3ECDB /* Media.swift in Sources */ = {isa = PBXBuildFile; fileRef = 593C0F292214BDAA00B3ECDB /* Media.swift */; };
		5CAC80231B88842A931054E0 /* Pods_NetflixRoulette.framework in Frameworks */ = {isa = PBXBuildFile; fileRef = CB2093DDE1200D23E28F14F1 /* Pods_NetflixRoulette.framework */; };
/* End PBXBuildFile section */

/* Begin PBXFileReference section */
		2C069714221964A900C71259 /* MovieService.swift */ = {isa = PBXFileReference; lastKnownFileType = sourcecode.swift; path = MovieService.swift; sourceTree = "<group>"; };
		2C3976A62205BD01006BAC5B /* ShuffleResultListViewController.swift */ = {isa = PBXFileReference; lastKnownFileType = sourcecode.swift; path = ShuffleResultListViewController.swift; sourceTree = "<group>"; };
		2C3976A72205BD01006BAC5B /* ShuffleResultListViewController.xib */ = {isa = PBXFileReference; lastKnownFileType = file.xib; path = ShuffleResultListViewController.xib; sourceTree = "<group>"; };
		2C46094321CE9F8100BEAC9C /* AcceuilViewController.swift */ = {isa = PBXFileReference; lastKnownFileType = sourcecode.swift; path = AcceuilViewController.swift; sourceTree = "<group>"; };
		2C46094421CE9F8100BEAC9C /* AcceuilViewController.xib */ = {isa = PBXFileReference; lastKnownFileType = file.xib; path = AcceuilViewController.xib; sourceTree = "<group>"; };
		2C46094721CE9FCF00BEAC9C /* SearchViewController.swift */ = {isa = PBXFileReference; lastKnownFileType = sourcecode.swift; path = SearchViewController.swift; sourceTree = "<group>"; };
		2C46094821CE9FCF00BEAC9C /* SearchViewController.xib */ = {isa = PBXFileReference; lastKnownFileType = file.xib; path = SearchViewController.xib; sourceTree = "<group>"; };
		2C46094B21CEA00000BEAC9C /* ShuffleViewController.swift */ = {isa = PBXFileReference; lastKnownFileType = sourcecode.swift; path = ShuffleViewController.swift; sourceTree = "<group>"; };
		2C46094C21CEA00000BEAC9C /* ShuffleViewController.xib */ = {isa = PBXFileReference; lastKnownFileType = file.xib; path = ShuffleViewController.xib; sourceTree = "<group>"; };
		2C5CEF2A21CAC539002EB873 /* NetflixRoulette.app */ = {isa = PBXFileReference; explicitFileType = wrapper.application; includeInIndex = 0; path = NetflixRoulette.app; sourceTree = BUILT_PRODUCTS_DIR; };
		2C5CEF2D21CAC539002EB873 /* AppDelegate.swift */ = {isa = PBXFileReference; lastKnownFileType = sourcecode.swift; path = AppDelegate.swift; sourceTree = "<group>"; };
		2C5CEF3421CAC53F002EB873 /* Assets.xcassets */ = {isa = PBXFileReference; lastKnownFileType = folder.assetcatalog; path = Assets.xcassets; sourceTree = "<group>"; };
		2C5CEF3721CAC53F002EB873 /* Base */ = {isa = PBXFileReference; lastKnownFileType = file.storyboard; name = Base; path = Base.lproj/LaunchScreen.storyboard; sourceTree = "<group>"; };
		2C5CEF3921CAC53F002EB873 /* Info.plist */ = {isa = PBXFileReference; lastKnownFileType = text.plist.xml; path = Info.plist; sourceTree = "<group>"; };
		2C5CEF4121CACBAF002EB873 /* MainViewController.swift */ = {isa = PBXFileReference; lastKnownFileType = sourcecode.swift; path = MainViewController.swift; sourceTree = "<group>"; };
		2C5CEF4221CACBAF002EB873 /* MainViewController.xib */ = {isa = PBXFileReference; lastKnownFileType = file.xib; path = MainViewController.xib; sourceTree = "<group>"; };
		2C5CEF4521CAF145002EB873 /* HomeViewController.swift */ = {isa = PBXFileReference; lastKnownFileType = sourcecode.swift; path = HomeViewController.swift; sourceTree = "<group>"; };
		2C62D24F21D10AF100311826 /* CreateAccountViewController.swift */ = {isa = PBXFileReference; lastKnownFileType = sourcecode.swift; path = CreateAccountViewController.swift; sourceTree = "<group>"; };
		2C62D25021D10AF100311826 /* CreateAccountViewController.xib */ = {isa = PBXFileReference; lastKnownFileType = file.xib; path = CreateAccountViewController.xib; sourceTree = "<group>"; };
		2C62D25321D1767E00311826 /* MovieDesc.swift */ = {isa = PBXFileReference; lastKnownFileType = sourcecode.swift; path = MovieDesc.swift; sourceTree = "<group>"; };
		2C62D25621D2548000311826 /* User.swift */ = {isa = PBXFileReference; lastKnownFileType = sourcecode.swift; path = User.swift; sourceTree = "<group>"; };
		2CA752E3221AF575003B789A /* UserService.swift */ = {isa = PBXFileReference; lastKnownFileType = sourcecode.swift; path = UserService.swift; sourceTree = "<group>"; };
		2CC16AC021D2BF7200444837 /* ItemDescriptionViewController.swift */ = {isa = PBXFileReference; lastKnownFileType = sourcecode.swift; path = ItemDescriptionViewController.swift; sourceTree = "<group>"; };
		2CC16AC121D2BF7300444837 /* ItemDescriptionViewController.xib */ = {isa = PBXFileReference; lastKnownFileType = file.xib; path = ItemDescriptionViewController.xib; sourceTree = "<group>"; };
		2CD1F875220CC38900BA401D /* FavoriteViewController.swift */ = {isa = PBXFileReference; lastKnownFileType = sourcecode.swift; path = FavoriteViewController.swift; sourceTree = "<group>"; };
		2CD1F876220CC38900BA401D /* FavoriteViewController.xib */ = {isa = PBXFileReference; lastKnownFileType = file.xib; path = FavoriteViewController.xib; sourceTree = "<group>"; };
		2CD1F87E220F20FB00BA401D /* FavsMovieServices.swift */ = {isa = PBXFileReference; lastKnownFileType = sourcecode.swift; path = FavsMovieServices.swift; sourceTree = "<group>"; };
		5915551A2211F630003AEB2F /* MovieSearchTableViewCell.swift */ = {isa = PBXFileReference; fileEncoding = 4; lastKnownFileType = sourcecode.swift; path = MovieSearchTableViewCell.swift; sourceTree = "<group>"; };
		59390558220388CB00FACB77 /* Show.swift */ = {isa = PBXFileReference; fileEncoding = 4; lastKnownFileType = sourcecode.swift; path = Show.swift; sourceTree = "<group>"; };
		5939055C220388EC00FACB77 /* MovieSearchTableViewCell.xib */ = {isa = PBXFileReference; fileEncoding = 4; lastKnownFileType = file.xib; name = MovieSearchTableViewCell.xib; path = NetflixRoulette/viewz/MovieSearchTableViewCell.xib; sourceTree = SOURCE_ROOT; };
		593C0F292214BDAA00B3ECDB /* Media.swift */ = {isa = PBXFileReference; lastKnownFileType = sourcecode.swift; path = Media.swift; sourceTree = "<group>"; };
		5C28058A41E5849C13057BBA /* Pods-NetflixRoulette.debug.xcconfig */ = {isa = PBXFileReference; includeInIndex = 1; lastKnownFileType = text.xcconfig; name = "Pods-NetflixRoulette.debug.xcconfig"; path = "Pods/Target Support Files/Pods-NetflixRoulette/Pods-NetflixRoulette.debug.xcconfig"; sourceTree = "<group>"; };
		5F0549BA84A68AF22AF052D9 /* Pods-NetflixRoulette.release.xcconfig */ = {isa = PBXFileReference; includeInIndex = 1; lastKnownFileType = text.xcconfig; name = "Pods-NetflixRoulette.release.xcconfig"; path = "Pods/Target Support Files/Pods-NetflixRoulette/Pods-NetflixRoulette.release.xcconfig"; sourceTree = "<group>"; };
		CB2093DDE1200D23E28F14F1 /* Pods_NetflixRoulette.framework */ = {isa = PBXFileReference; explicitFileType = wrapper.framework; includeInIndex = 0; path = Pods_NetflixRoulette.framework; sourceTree = BUILT_PRODUCTS_DIR; };
/* End PBXFileReference section */

/* Begin PBXFrameworksBuildPhase section */
		2C5CEF2721CAC539002EB873 /* Frameworks */ = {
			isa = PBXFrameworksBuildPhase;
			buildActionMask = 2147483647;
			files = (
				5CAC80231B88842A931054E0 /* Pods_NetflixRoulette.framework in Frameworks */,
			);
			runOnlyForDeploymentPostprocessing = 0;
		};
/* End PBXFrameworksBuildPhase section */

/* Begin PBXGroup section */
		2C5CEF2121CAC539002EB873 = {
			isa = PBXGroup;
			children = (
				2C5CEF2C21CAC539002EB873 /* NetflixRoulette */,
				35B139A8859014B78646FF84 /* Frameworks */,
				B88C481FC9363C656158704F /* Pods */,
			);
			sourceTree = "<group>";
		};
		2C5CEF2B21CAC539002EB873 /* Products */ = {
			isa = PBXGroup;
			children = (
				2C5CEF2A21CAC539002EB873 /* NetflixRoulette.app */,
			);
			name = Products;
			path = ..;
			sourceTree = "<group>";
		};
		2C5CEF2C21CAC539002EB873 /* NetflixRoulette */ = {
			isa = PBXGroup;
			children = (
				2CD1F87D220F20DE00BA401D /* services */,
				2CC337D721EA249400E76185 /* viewz */,
				2CC337D621EA248100E76185 /* controllers */,
				2C5CEF2D21CAC539002EB873 /* AppDelegate.swift */,
				2C5CEF3421CAC53F002EB873 /* Assets.xcassets */,
				2C62D25621D2548000311826 /* User.swift */,
				2C62D25321D1767E00311826 /* MovieDesc.swift */,
				59390558220388CB00FACB77 /* Show.swift */,
				593C0F292214BDAA00B3ECDB /* Media.swift */,
				2C5CEF3621CAC53F002EB873 /* LaunchScreen.storyboard */,
				2C5CEF3921CAC53F002EB873 /* Info.plist */,
				2C5CEF2B21CAC539002EB873 /* Products */,
			);
			path = NetflixRoulette;
			sourceTree = "<group>";
		};
		2CC337D621EA248100E76185 /* controllers */ = {
			isa = PBXGroup;
			children = (
				2C5CEF4121CACBAF002EB873 /* MainViewController.swift */,
				2C3976A62205BD01006BAC5B /* ShuffleResultListViewController.swift */,
				2C62D24F21D10AF100311826 /* CreateAccountViewController.swift */,
				2C5CEF4521CAF145002EB873 /* HomeViewController.swift */,
				2C46094321CE9F8100BEAC9C /* AcceuilViewController.swift */,
				5915551A2211F630003AEB2F /* MovieSearchTableViewCell.swift */,
				2C46094721CE9FCF00BEAC9C /* SearchViewController.swift */,
				2C46094B21CEA00000BEAC9C /* ShuffleViewController.swift */,
				2CC16AC021D2BF7200444837 /* ItemDescriptionViewController.swift */,
				2CD1F875220CC38900BA401D /* FavoriteViewController.swift */,
			);
			path = controllers;
			sourceTree = "<group>";
		};
		2CC337D721EA249400E76185 /* viewz */ = {
			isa = PBXGroup;
			children = (
				2CD1F876220CC38900BA401D /* FavoriteViewController.xib */,
				2C5CEF4221CACBAF002EB873 /* MainViewController.xib */,
				2C62D25021D10AF100311826 /* CreateAccountViewController.xib */,
				2C46094421CE9F8100BEAC9C /* AcceuilViewController.xib */,
				2C3976A72205BD01006BAC5B /* ShuffleResultListViewController.xib */,
				2C46094821CE9FCF00BEAC9C /* SearchViewController.xib */,
				2C46094C21CEA00000BEAC9C /* ShuffleViewController.xib */,
				2CC16AC121D2BF7300444837 /* ItemDescriptionViewController.xib */,
				5939055C220388EC00FACB77 /* MovieSearchTableViewCell.xib */,
			);
			path = viewz;
			sourceTree = "<group>";
		};
		2CD1F87D220F20DE00BA401D /* services */ = {
			isa = PBXGroup;
			children = (
				2CD1F87E220F20FB00BA401D /* FavsMovieServices.swift */,
				2C069714221964A900C71259 /* MovieService.swift */,
				2CA752E3221AF575003B789A /* UserService.swift */,
			);
			path = services;
			sourceTree = "<group>";
		};
		35B139A8859014B78646FF84 /* Frameworks */ = {
			isa = PBXGroup;
			children = (
				CB2093DDE1200D23E28F14F1 /* Pods_NetflixRoulette.framework */,
			);
			name = Frameworks;
			sourceTree = "<group>";
		};
		B88C481FC9363C656158704F /* Pods */ = {
			isa = PBXGroup;
			children = (
				5C28058A41E5849C13057BBA /* Pods-NetflixRoulette.debug.xcconfig */,
				5F0549BA84A68AF22AF052D9 /* Pods-NetflixRoulette.release.xcconfig */,
			);
			name = Pods;
			sourceTree = "<group>";
		};
/* End PBXGroup section */

/* Begin PBXNativeTarget section */
		2C5CEF2921CAC539002EB873 /* NetflixRoulette */ = {
			isa = PBXNativeTarget;
			buildConfigurationList = 2C5CEF3C21CAC53F002EB873 /* Build configuration list for PBXNativeTarget "NetflixRoulette" */;
			buildPhases = (
				07E661B8C7CD4D231800081B /* [CP] Check Pods Manifest.lock */,
				2C5CEF2621CAC539002EB873 /* Sources */,
				2C5CEF2721CAC539002EB873 /* Frameworks */,
				2C5CEF2821CAC539002EB873 /* Resources */,
				64D1C7C81CBE781CED5DF227 /* [CP] Embed Pods Frameworks */,
			);
			buildRules = (
			);
			dependencies = (
			);
			name = NetflixRoulette;
			productName = NetflixRoulette;
			productReference = 2C5CEF2A21CAC539002EB873 /* NetflixRoulette.app */;
			productType = "com.apple.product-type.application";
		};
/* End PBXNativeTarget section */

/* Begin PBXProject section */
		2C5CEF2221CAC539002EB873 /* Project object */ = {
			isa = PBXProject;
			attributes = {
				LastSwiftUpdateCheck = 1010;
				LastUpgradeCheck = 1010;
				ORGANIZATIONNAME = "Ramzy Kermad";
				TargetAttributes = {
					2C5CEF2921CAC539002EB873 = {
						CreatedOnToolsVersion = 10.1;
					};
				};
			};
			buildConfigurationList = 2C5CEF2521CAC539002EB873 /* Build configuration list for PBXProject "NetflixRoulette" */;
			compatibilityVersion = "Xcode 9.3";
			developmentRegion = en;
			hasScannedForEncodings = 0;
			knownRegions = (
				en,
				Base,
			);
			mainGroup = 2C5CEF2121CAC539002EB873;
			productRefGroup = 2C5CEF2B21CAC539002EB873 /* Products */;
			projectDirPath = "";
			projectRoot = "";
			targets = (
				2C5CEF2921CAC539002EB873 /* NetflixRoulette */,
			);
		};
/* End PBXProject section */

/* Begin PBXResourcesBuildPhase section */
		2C5CEF2821CAC539002EB873 /* Resources */ = {
			isa = PBXResourcesBuildPhase;
			buildActionMask = 2147483647;
			files = (
				2C5CEF3821CAC53F002EB873 /* LaunchScreen.storyboard in Resources */,
				5939055D220388EC00FACB77 /* MovieSearchTableViewCell.xib in Resources */,
				2C5CEF4421CACBAF002EB873 /* MainViewController.xib in Resources */,
				2C3976A92205BD01006BAC5B /* ShuffleResultListViewController.xib in Resources */,
				2C46094E21CEA00000BEAC9C /* ShuffleViewController.xib in Resources */,
				2C5CEF3521CAC53F002EB873 /* Assets.xcassets in Resources */,
				2CC16AC321D2BF7300444837 /* ItemDescriptionViewController.xib in Resources */,
				2CD1F878220CC38900BA401D /* FavoriteViewController.xib in Resources */,
				2C46094A21CE9FCF00BEAC9C /* SearchViewController.xib in Resources */,
				2C46094621CE9F8100BEAC9C /* AcceuilViewController.xib in Resources */,
				2C62D25221D10AF100311826 /* CreateAccountViewController.xib in Resources */,
			);
			runOnlyForDeploymentPostprocessing = 0;
		};
/* End PBXResourcesBuildPhase section */

/* Begin PBXShellScriptBuildPhase section */
		07E661B8C7CD4D231800081B /* [CP] Check Pods Manifest.lock */ = {
			isa = PBXShellScriptBuildPhase;
			buildActionMask = 2147483647;
			files = (
			);
			inputFileListPaths = (
			);
			inputPaths = (
				"${PODS_PODFILE_DIR_PATH}/Podfile.lock",
				"${PODS_ROOT}/Manifest.lock",
			);
			name = "[CP] Check Pods Manifest.lock";
			outputFileListPaths = (
			);
			outputPaths = (
				"$(DERIVED_FILE_DIR)/Pods-NetflixRoulette-checkManifestLockResult.txt",
			);
			runOnlyForDeploymentPostprocessing = 0;
			shellPath = /bin/sh;
			shellScript = "diff \"${PODS_PODFILE_DIR_PATH}/Podfile.lock\" \"${PODS_ROOT}/Manifest.lock\" > /dev/null\nif [ $? != 0 ] ; then\n    # print error to STDERR\n    echo \"error: The sandbox is not in sync with the Podfile.lock. Run 'pod install' or update your CocoaPods installation.\" >&2\n    exit 1\nfi\n# This output is used by Xcode 'outputs' to avoid re-running this script phase.\necho \"SUCCESS\" > \"${SCRIPT_OUTPUT_FILE_0}\"\n";
			showEnvVarsInLog = 0;
		};
		64D1C7C81CBE781CED5DF227 /* [CP] Embed Pods Frameworks */ = {
			isa = PBXShellScriptBuildPhase;
			buildActionMask = 2147483647;
			files = (
			);
			inputFileListPaths = (
			);
			inputPaths = (
				"${SRCROOT}/Pods/Target Support Files/Pods-NetflixRoulette/Pods-NetflixRoulette-frameworks.sh",
				"${BUILT_PRODUCTS_DIR}/Alamofire/Alamofire.framework",
				"${BUILT_PRODUCTS_DIR}/AlamofireImage/AlamofireImage.framework",
			);
			name = "[CP] Embed Pods Frameworks";
			outputFileListPaths = (
			);
			outputPaths = (
				"${TARGET_BUILD_DIR}/${FRAMEWORKS_FOLDER_PATH}/Alamofire.framework",
				"${TARGET_BUILD_DIR}/${FRAMEWORKS_FOLDER_PATH}/AlamofireImage.framework",
			);
			runOnlyForDeploymentPostprocessing = 0;
			shellPath = /bin/sh;
			shellScript = "\"${SRCROOT}/Pods/Target Support Files/Pods-NetflixRoulette/Pods-NetflixRoulette-frameworks.sh\"\n";
			showEnvVarsInLog = 0;
		};
/* End PBXShellScriptBuildPhase section */

/* Begin PBXSourcesBuildPhase section */
		2C5CEF2621CAC539002EB873 /* Sources */ = {
			isa = PBXSourcesBuildPhase;
			buildActionMask = 2147483647;
			files = (
				2CC16AC221D2BF7300444837 /* ItemDescriptionViewController.swift in Sources */,
				2C62D25121D10AF100311826 /* CreateAccountViewController.swift in Sources */,
				2CA752E4221AF575003B789A /* UserService.swift in Sources */,
				5915551B2211F630003AEB2F /* MovieSearchTableViewCell.swift in Sources */,
				2C62D25421D1767E00311826 /* MovieDesc.swift in Sources */,
				2C46094921CE9FCF00BEAC9C /* SearchViewController.swift in Sources */,
				2C46094521CE9F8100BEAC9C /* AcceuilViewController.swift in Sources */,
				593C0F2A2214BDAA00B3ECDB /* Media.swift in Sources */,
				2C46094D21CEA00000BEAC9C /* ShuffleViewController.swift in Sources */,
				2C62D25721D2548000311826 /* User.swift in Sources */,
				2CD1F87F220F20FB00BA401D /* FavsMovieServices.swift in Sources */,
				2C3976A82205BD01006BAC5B /* ShuffleResultListViewController.swift in Sources */,
				2C5CEF2E21CAC539002EB873 /* AppDelegate.swift in Sources */,
				2C069715221964A900C71259 /* MovieService.swift in Sources */,
				2CD1F877220CC38900BA401D /* FavoriteViewController.swift in Sources */,
				2C5CEF4321CACBAF002EB873 /* MainViewController.swift in Sources */,
				2C5CEF4721CAF145002EB873 /* HomeViewController.swift in Sources */,
				59390559220388CB00FACB77 /* Show.swift in Sources */,
			);
			runOnlyForDeploymentPostprocessing = 0;
		};
/* End PBXSourcesBuildPhase section */

/* Begin PBXVariantGroup section */
		2C5CEF3621CAC53F002EB873 /* LaunchScreen.storyboard */ = {
			isa = PBXVariantGroup;
			children = (
				2C5CEF3721CAC53F002EB873 /* Base */,
			);
			name = LaunchScreen.storyboard;
			sourceTree = "<group>";
		};
/* End PBXVariantGroup section */

/* Begin XCBuildConfiguration section */
		2C5CEF3A21CAC53F002EB873 /* Debug */ = {
			isa = XCBuildConfiguration;
			buildSettings = {
				ALWAYS_SEARCH_USER_PATHS = NO;
				CLANG_ANALYZER_NONNULL = YES;
				CLANG_ANALYZER_NUMBER_OBJECT_CONVERSION = YES_AGGRESSIVE;
				CLANG_CXX_LANGUAGE_STANDARD = "gnu++14";
				CLANG_CXX_LIBRARY = "libc++";
				CLANG_ENABLE_MODULES = YES;
				CLANG_ENABLE_OBJC_ARC = YES;
				CLANG_ENABLE_OBJC_WEAK = YES;
				CLANG_WARN_BLOCK_CAPTURE_AUTORELEASING = YES;
				CLANG_WARN_BOOL_CONVERSION = YES;
				CLANG_WARN_COMMA = YES;
				CLANG_WARN_CONSTANT_CONVERSION = YES;
				CLANG_WARN_DEPRECATED_OBJC_IMPLEMENTATIONS = YES;
				CLANG_WARN_DIRECT_OBJC_ISA_USAGE = YES_ERROR;
				CLANG_WARN_DOCUMENTATION_COMMENTS = YES;
				CLANG_WARN_EMPTY_BODY = YES;
				CLANG_WARN_ENUM_CONVERSION = YES;
				CLANG_WARN_INFINITE_RECURSION = YES;
				CLANG_WARN_INT_CONVERSION = YES;
				CLANG_WARN_NON_LITERAL_NULL_CONVERSION = YES;
				CLANG_WARN_OBJC_IMPLICIT_RETAIN_SELF = YES;
				CLANG_WARN_OBJC_LITERAL_CONVERSION = YES;
				CLANG_WARN_OBJC_ROOT_CLASS = YES_ERROR;
				CLANG_WARN_RANGE_LOOP_ANALYSIS = YES;
				CLANG_WARN_STRICT_PROTOTYPES = YES;
				CLANG_WARN_SUSPICIOUS_MOVE = YES;
				CLANG_WARN_UNGUARDED_AVAILABILITY = YES_AGGRESSIVE;
				CLANG_WARN_UNREACHABLE_CODE = YES;
				CLANG_WARN__DUPLICATE_METHOD_MATCH = YES;
				CODE_SIGN_IDENTITY = "iPhone Developer";
				COPY_PHASE_STRIP = NO;
				DEBUG_INFORMATION_FORMAT = dwarf;
				ENABLE_STRICT_OBJC_MSGSEND = YES;
				ENABLE_TESTABILITY = YES;
				GCC_C_LANGUAGE_STANDARD = gnu11;
				GCC_DYNAMIC_NO_PIC = NO;
				GCC_NO_COMMON_BLOCKS = YES;
				GCC_OPTIMIZATION_LEVEL = 0;
				GCC_PREPROCESSOR_DEFINITIONS = (
					"DEBUG=1",
					"$(inherited)",
				);
				GCC_WARN_64_TO_32_BIT_CONVERSION = YES;
				GCC_WARN_ABOUT_RETURN_TYPE = YES_ERROR;
				GCC_WARN_UNDECLARED_SELECTOR = YES;
				GCC_WARN_UNINITIALIZED_AUTOS = YES_AGGRESSIVE;
				GCC_WARN_UNUSED_FUNCTION = YES;
				GCC_WARN_UNUSED_VARIABLE = YES;
				IPHONEOS_DEPLOYMENT_TARGET = 12.1;
				MTL_ENABLE_DEBUG_INFO = INCLUDE_SOURCE;
				MTL_FAST_MATH = YES;
				ONLY_ACTIVE_ARCH = YES;
				SDKROOT = iphoneos;
				SWIFT_ACTIVE_COMPILATION_CONDITIONS = DEBUG;
				SWIFT_OPTIMIZATION_LEVEL = "-Onone";
			};
			name = Debug;
		};
		2C5CEF3B21CAC53F002EB873 /* Release */ = {
			isa = XCBuildConfiguration;
			buildSettings = {
				ALWAYS_SEARCH_USER_PATHS = NO;
				CLANG_ANALYZER_NONNULL = YES;
				CLANG_ANALYZER_NUMBER_OBJECT_CONVERSION = YES_AGGRESSIVE;
				CLANG_CXX_LANGUAGE_STANDARD = "gnu++14";
				CLANG_CXX_LIBRARY = "libc++";
				CLANG_ENABLE_MODULES = YES;
				CLANG_ENABLE_OBJC_ARC = YES;
				CLANG_ENABLE_OBJC_WEAK = YES;
				CLANG_WARN_BLOCK_CAPTURE_AUTORELEASING = YES;
				CLANG_WARN_BOOL_CONVERSION = YES;
				CLANG_WARN_COMMA = YES;
				CLANG_WARN_CONSTANT_CONVERSION = YES;
				CLANG_WARN_DEPRECATED_OBJC_IMPLEMENTATIONS = YES;
				CLANG_WARN_DIRECT_OBJC_ISA_USAGE = YES_ERROR;
				CLANG_WARN_DOCUMENTATION_COMMENTS = YES;
				CLANG_WARN_EMPTY_BODY = YES;
				CLANG_WARN_ENUM_CONVERSION = YES;
				CLANG_WARN_INFINITE_RECURSION = YES;
				CLANG_WARN_INT_CONVERSION = YES;
				CLANG_WARN_NON_LITERAL_NULL_CONVERSION = YES;
				CLANG_WARN_OBJC_IMPLICIT_RETAIN_SELF = YES;
				CLANG_WARN_OBJC_LITERAL_CONVERSION = YES;
				CLANG_WARN_OBJC_ROOT_CLASS = YES_ERROR;
				CLANG_WARN_RANGE_LOOP_ANALYSIS = YES;
				CLANG_WARN_STRICT_PROTOTYPES = YES;
				CLANG_WARN_SUSPICIOUS_MOVE = YES;
				CLANG_WARN_UNGUARDED_AVAILABILITY = YES_AGGRESSIVE;
				CLANG_WARN_UNREACHABLE_CODE = YES;
				CLANG_WARN__DUPLICATE_METHOD_MATCH = YES;
				CODE_SIGN_IDENTITY = "iPhone Developer";
				COPY_PHASE_STRIP = NO;
				DEBUG_INFORMATION_FORMAT = "dwarf-with-dsym";
				ENABLE_NS_ASSERTIONS = NO;
				ENABLE_STRICT_OBJC_MSGSEND = YES;
				GCC_C_LANGUAGE_STANDARD = gnu11;
				GCC_NO_COMMON_BLOCKS = YES;
				GCC_WARN_64_TO_32_BIT_CONVERSION = YES;
				GCC_WARN_ABOUT_RETURN_TYPE = YES_ERROR;
				GCC_WARN_UNDECLARED_SELECTOR = YES;
				GCC_WARN_UNINITIALIZED_AUTOS = YES_AGGRESSIVE;
				GCC_WARN_UNUSED_FUNCTION = YES;
				GCC_WARN_UNUSED_VARIABLE = YES;
				IPHONEOS_DEPLOYMENT_TARGET = 12.1;
				MTL_ENABLE_DEBUG_INFO = NO;
				MTL_FAST_MATH = YES;
				SDKROOT = iphoneos;
				SWIFT_COMPILATION_MODE = wholemodule;
				SWIFT_OPTIMIZATION_LEVEL = "-O";
				VALIDATE_PRODUCT = YES;
			};
			name = Release;
		};
		2C5CEF3D21CAC53F002EB873 /* Debug */ = {
			isa = XCBuildConfiguration;
			baseConfigurationReference = 5C28058A41E5849C13057BBA /* Pods-NetflixRoulette.debug.xcconfig */;
			buildSettings = {
				ASSETCATALOG_COMPILER_APPICON_NAME = AppIcon;
				CODE_SIGN_IDENTITY = "iPhone Developer";
				CODE_SIGN_STYLE = Automatic;
				DEVELOPMENT_TEAM = GXMYLMSN26;
				INFOPLIST_FILE = NetflixRoulette/Info.plist;
				IPHONEOS_DEPLOYMENT_TARGET = 10.0;
				LD_RUNPATH_SEARCH_PATHS = (
					"$(inherited)",
					"@executable_path/Frameworks",
				);
				PRODUCT_BUNDLE_IDENTIFIER = com.example.NetflixRoulette;
				PRODUCT_NAME = "$(TARGET_NAME)";
				PROVISIONING_PROFILE_SPECIFIER = "";
				SWIFT_VERSION = 4.2;
				TARGETED_DEVICE_FAMILY = 1;
			};
			name = Debug;
		};
		2C5CEF3E21CAC53F002EB873 /* Release */ = {
			isa = XCBuildConfiguration;
			baseConfigurationReference = 5F0549BA84A68AF22AF052D9 /* Pods-NetflixRoulette.release.xcconfig */;
			buildSettings = {
				ASSETCATALOG_COMPILER_APPICON_NAME = AppIcon;
				CODE_SIGN_IDENTITY = "iPhone Developer";
				CODE_SIGN_STYLE = Automatic;
				DEVELOPMENT_TEAM = GXMYLMSN26;
				INFOPLIST_FILE = NetflixRoulette/Info.plist;
				IPHONEOS_DEPLOYMENT_TARGET = 10.0;
				LD_RUNPATH_SEARCH_PATHS = (
					"$(inherited)",
					"@executable_path/Frameworks",
				);
				PRODUCT_BUNDLE_IDENTIFIER = com.example.NetflixRoulette;
				PRODUCT_NAME = "$(TARGET_NAME)";
				PROVISIONING_PROFILE_SPECIFIER = "";
				SWIFT_VERSION = 4.2;
				TARGETED_DEVICE_FAMILY = 1;
			};
			name = Release;
		};
/* End XCBuildConfiguration section */

/* Begin XCConfigurationList section */
		2C5CEF2521CAC539002EB873 /* Build configuration list for PBXProject "NetflixRoulette" */ = {
			isa = XCConfigurationList;
			buildConfigurations = (
				2C5CEF3A21CAC53F002EB873 /* Debug */,
				2C5CEF3B21CAC53F002EB873 /* Release */,
			);
			defaultConfigurationIsVisible = 0;
			defaultConfigurationName = Release;
		};
		2C5CEF3C21CAC53F002EB873 /* Build configuration list for PBXNativeTarget "NetflixRoulette" */ = {
			isa = XCConfigurationList;
			buildConfigurations = (
				2C5CEF3D21CAC53F002EB873 /* Debug */,
				2C5CEF3E21CAC53F002EB873 /* Release */,
			);
			defaultConfigurationIsVisible = 0;
			defaultConfigurationName = Release;
		};
/* End XCConfigurationList section */
	};
	rootObject = 2C5CEF2221CAC539002EB873 /* Project object */;
}
